
Microsoft Visual Studio Solution File, Format Version 12.00
# Visual Studio 14
VisualStudioVersion = 14.0.25420.1
MinimumVisualStudioVersion = 10.0.40219.1
Project("{FAE04EC0-301F-11D3-BF4B-00C04F79EFBC}") = "ConsoleApp", "ConsoleApp\ConsoleApp.csproj", "{FD08E1DB-5ABF-437B-9D67-D9C999736B87}"
EndProject
Project("{FAE04EC0-301F-11D3-BF4B-00C04F79EFBC}") = "UnitTestProject", "UnitTestProject\UnitTestProject.csproj", "{1D9F6616-61A8-4763-A604-4AF6D859931C}"
EndProject
Global
	GlobalSection(SolutionConfigurationPlatforms) = preSolution
		Debug|Any CPU = Debug|Any CPU
		Release|Any CPU = Release|Any CPU
	EndGlobalSection
	GlobalSection(ProjectConfigurationPlatforms) = postSolution
		{FD08E1DB-5ABF-437B-9D67-D9C999736B87}.Debug|Any CPU.ActiveCfg = Debug|Any CPU
		{FD08E1DB-5ABF-437B-9D67-D9C999736B87}.Debug|Any CPU.Build.0 = Debug|Any CPU
		{FD08E1DB-5ABF-437B-9D67-D9C999736B87}.Release|Any CPU.ActiveCfg = Release|Any CPU
		{FD08E1DB-5ABF-437B-9D67-D9C999736B87}.Release|Any CPU.Build.0 = Release|Any CPU
		{1D9F6616-61A8-4763-A604-4AF6D859931C}.Debug|Any CPU.ActiveCfg = Debug|Any CPU
		{1D9F6616-61A8-4763-A604-4AF6D859931C}.Debug|Any CPU.Build.0 = Debug|Any CPU
		{1D9F6616-61A8-4763-A604-4AF6D859931C}.Release|Any CPU.ActiveCfg = Release|Any CPU
		{1D9F6616-61A8-4763-A604-4AF6D859931C}.Release|Any CPU.Build.0 = Release|Any CPU
	EndGlobalSection
	GlobalSection(SolutionProperties) = preSolution
		HideSolutionNode = FALSE
	EndGlobalSection
EndGlobal
